
Microsoft Visual Studio Solution File, Format Version 12.00
# Visual Studio 15
VisualStudioVersion = 15.0.28307.757
MinimumVisualStudioVersion = 10.0.40219.1
Project("{FAE04EC0-301F-11D3-BF4B-00C04F79EFBC}") = "Encourage", "Encourage\Encourage.csproj", "{92F21CA1-93AA-4FAB-B0FD-146F290E142F}"
EndProject
Global
	GlobalSection(SolutionConfigurationPlatforms) = preSolution
		Debug|Any CPU = Debug|Any CPU
		Release|Any CPU = Release|Any CPU
	EndGlobalSection
	GlobalSection(ProjectConfigurationPlatforms) = postSolution
		{92F21CA1-93AA-4FAB-B0FD-146F290E142F}.Debug|Any CPU.ActiveCfg = Debug|Any CPU
		{92F21CA1-93AA-4FAB-B0FD-146F290E142F}.Debug|Any CPU.Build.0 = Debug|Any CPU
		{92F21CA1-93AA-4FAB-B0FD-146F290E142F}.Release|Any CPU.ActiveCfg = Release|Any CPU
		{92F21CA1-93AA-4FAB-B0FD-146F290E142F}.Release|Any CPU.Build.0 = Release|Any CPU
	EndGlobalSection
	GlobalSection(SolutionProperties) = preSolution
		HideSolutionNode = FALSE
	EndGlobalSection
	GlobalSection(ExtensibilityGlobals) = postSolution
		SolutionGuid = {310DCC4A-C416-4D89-B086-DCC18AC577A4}
	EndGlobalSection
EndGlobal
